
Microsoft Visual Studio Solution File, Format Version 9.00
# Visual Studio 2005
Project("{8BC9CEB8-8B4A-11D0-8D11-00A0C91BC942}") = "lsads.WNET", "lsads.WNET.vcproj", "{CA26EBEC-F0D8-41F5-A448-85FCA01F8404}"
EndProject
Project("{8BC9CEB8-8B4A-11D0-8D11-00A0C91BC942}") = "lsads.WLH", "lsads.WLH.vcproj", "{F35483EA-83F2-41E8-AA5C-DA5A0784E554}"
EndProject
Project("{8BC9CEB8-8B4A-11D0-8D11-00A0C91BC942}") = "lsads.W7", "lsads.W7.vcproj", "{DFC117AD-C09C-4854-ACBA-4E76E233BC14}"
EndProject
Global
	GlobalSection(SolutionConfigurationPlatforms) = preSolution
		W7 checked (PREfast)|Win32 = W7 checked (PREfast)|Win32
		W7 checked|Win32 = W7 checked|Win32
		W7 free|Win32 = W7 free|Win32
		W7LH checked (PREfast)|Win32 = W7LH checked (PREfast)|Win32
		W7LH checked|Win32 = W7LH checked|Win32
		W7LH free|Win32 = W7LH free|Win32
		W7LHX64 checked (PREfast)|Win32 = W7LHX64 checked (PREfast)|Win32
		W7LHX64 checked|Win32 = W7LHX64 checked|Win32
		W7LHX64 free|Win32 = W7LHX64 free|Win32
		W7NET checked (PREfast)|Win32 = W7NET checked (PREfast)|Win32
		W7NET checked|Win32 = W7NET checked|Win32
		W7NET free|Win32 = W7NET free|Win32
		W7NETX64 checked (PREfast)|Win32 = W7NETX64 checked (PREfast)|Win32
		W7NETX64 checked|Win32 = W7NETX64 checked|Win32
		W7NETX64 free|Win32 = W7NETX64 free|Win32
		W7X64 checked (PREfast)|Win32 = W7X64 checked (PREfast)|Win32
		W7X64 checked|Win32 = W7X64 checked|Win32
		W7X64 free|Win32 = W7X64 free|Win32
		W7XP checked (PREfast)|Win32 = W7XP checked (PREfast)|Win32
		W7XP checked|Win32 = W7XP checked|Win32
		W7XP free|Win32 = W7XP free|Win32
		WLH checked (PREfast)|Win32 = WLH checked (PREfast)|Win32
		WLH checked|Win32 = WLH checked|Win32
		WLH free|Win32 = WLH free|Win32
		WLH2K checked (PREfast)|Win32 = WLH2K checked (PREfast)|Win32
		WLH2K checked|Win32 = WLH2K checked|Win32
		WLH2K free|Win32 = WLH2K free|Win32
		WLHNET checked (PREfast)|Win32 = WLHNET checked (PREfast)|Win32
		WLHNET checked|Win32 = WLHNET checked|Win32
		WLHNET free|Win32 = WLHNET free|Win32
		WLHNETX64 checked (PREfast)|Win32 = WLHNETX64 checked (PREfast)|Win32
		WLHNETX64 checked|Win32 = WLHNETX64 checked|Win32
		WLHNETX64 free|Win32 = WLHNETX64 free|Win32
		WLHX64 checked (PREfast)|Win32 = WLHX64 checked (PREfast)|Win32
		WLHX64 checked|Win32 = WLHX64 checked|Win32
		WLHX64 free|Win32 = WLHX64 free|Win32
		WLHXP checked (PREfast)|Win32 = WLHXP checked (PREfast)|Win32
		WLHXP checked|Win32 = WLHXP checked|Win32
		WLHXP free|Win32 = WLHXP free|Win32
		WNET checked (PREfast)|Win32 = WNET checked (PREfast)|Win32
		WNET checked|Win32 = WNET checked|Win32
		WNET free|Win32 = WNET free|Win32
		WNET2K checked (PREfast)|Win32 = WNET2K checked (PREfast)|Win32
		WNET2K checked|Win32 = WNET2K checked|Win32
		WNET2K free|Win32 = WNET2K free|Win32
		WNETAMD64 checked (PREfast)|Win32 = WNETAMD64 checked (PREfast)|Win32
		WNETAMD64 checked|Win32 = WNETAMD64 checked|Win32
		WNETAMD64 free|Win32 = WNETAMD64 free|Win32
		WNETXP checked (PREfast)|Win32 = WNETXP checked (PREfast)|Win32
		WNETXP checked|Win32 = WNETXP checked|Win32
		WNETXP free|Win32 = WNETXP free|Win32
	EndGlobalSection
	GlobalSection(ProjectConfigurationPlatforms) = postSolution
		{CA26EBEC-F0D8-41F5-A448-85FCA01F8404}.W7 checked (PREfast)|Win32.ActiveCfg = WNET2K checked (PREfast)|Win32
		{CA26EBEC-F0D8-41F5-A448-85FCA01F8404}.W7 checked|Win32.ActiveCfg = WNET2K checked (PREfast)|Win32
		{CA26EBEC-F0D8-41F5-A448-85FCA01F8404}.W7 free|Win32.ActiveCfg = WNET2K checked (PREfast)|Win32
		{CA26EBEC-F0D8-41F5-A448-85FCA01F8404}.W7LH checked (PREfast)|Win32.ActiveCfg = WNET2K checked (PREfast)|Win32
		{CA26EBEC-F0D8-41F5-A448-85FCA01F8404}.W7LH checked|Win32.ActiveCfg = WNET2K checked (PREfast)|Win32
		{CA26EBEC-F0D8-41F5-A448-85FCA01F8404}.W7LH free|Win32.ActiveCfg = WNET2K checked (PREfast)|Win32
		{CA26EBEC-F0D8-41F5-A448-85FCA01F8404}.W7LHX64 checked (PREfast)|Win32.ActiveCfg = WNET2K checked (PREfast)|Win32
		{CA26EBEC-F0D8-41F5-A448-85FCA01F8404}.W7LHX64 checked|Win32.ActiveCfg = WNET2K checked (PREfast)|Win32
		{CA26EBEC-F0D8-41F5-A448-85FCA01F8404}.W7LHX64 free|Win32.ActiveCfg = WNET2K checked (PREfast)|Win32
		{CA26EBEC-F0D8-41F5-A448-85FCA01F8404}.W7NET checked (PREfast)|Win32.ActiveCfg = WNET2K checked (PREfast)|Win32
		{CA26EBEC-F0D8-41F5-A448-85FCA01F8404}.W7NET checked|Win32.ActiveCfg = WNET2K checked (PREfast)|Win32
		{CA26EBEC-F0D8-41F5-A448-85FCA01F8404}.W7NET free|Win32.ActiveCfg = WNET2K checked (PREfast)|Win32
		{CA26EBEC-F0D8-41F5-A448-85FCA01F8404}.W7NETX64 checked (PREfast)|Win32.ActiveCfg = WNET2K checked (PREfast)|Win32
		{CA26EBEC-F0D8-41F5-A448-85FCA01F8404}.W7NETX64 checked|Win32.ActiveCfg = WNET2K checked (PREfast)|Win32
		{CA26EBEC-F0D8-41F5-A448-85FCA01F8404}.W7NETX64 free|Win32.ActiveCfg = WNET2K checked (PREfast)|Win32
		{CA26EBEC-F0D8-41F5-A448-85FCA01F8404}.W7X64 checked (PREfast)|Win32.ActiveCfg = WNET2K checked (PREfast)|Win32
		{CA26EBEC-F0D8-41F5-A448-85FCA01F8404}.W7X64 checked|Win32.ActiveCfg = WNET2K checked (PREfast)|Win32
		{CA26EBEC-F0D8-41F5-A448-85FCA01F8404}.W7X64 free|Win32.ActiveCfg = WNET2K checked (PREfast)|Win32
		{CA26EBEC-F0D8-41F5-A448-85FCA01F8404}.W7XP checked (PREfast)|Win32.ActiveCfg = WNET2K checked (PREfast)|Win32
		{CA26EBEC-F0D8-41F5-A448-85FCA01F8404}.W7XP checked|Win32.ActiveCfg = WNET2K checked (PREfast)|Win32
		{CA26EBEC-F0D8-41F5-A448-85FCA01F8404}.W7XP free|Win32.ActiveCfg = WNET2K checked (PREfast)|Win32
		{CA26EBEC-F0D8-41F5-A448-85FCA01F8404}.WLH checked (PREfast)|Win32.ActiveCfg = WNET2K checked (PREfast)|Win32
		{CA26EBEC-F0D8-41F5-A448-85FCA01F8404}.WLH checked|Win32.ActiveCfg = WNET2K checked (PREfast)|Win32
		{CA26EBEC-F0D8-41F5-A448-85FCA01F8404}.WLH free|Win32.ActiveCfg = WNET2K checked (PREfast)|Win32
		{CA26EBEC-F0D8-41F5-A448-85FCA01F8404}.WLH2K checked (PREfast)|Win32.ActiveCfg = WNET2K checked (PREfast)|Win32
		{CA26EBEC-F0D8-41F5-A448-85FCA01F8404}.WLH2K checked|Win32.ActiveCfg = WNET2K checked (PREfast)|Win32
		{CA26EBEC-F0D8-41F5-A448-85FCA01F8404}.WLH2K free|Win32.ActiveCfg = WNET2K checked (PREfast)|Win32
		{CA26EBEC-F0D8-41F5-A448-85FCA01F8404}.WLHNET checked (PREfast)|Win32.ActiveCfg = WNET2K checked (PREfast)|Win32
		{CA26EBEC-F0D8-41F5-A448-85FCA01F8404}.WLHNET checked|Win32.ActiveCfg = WNET2K checked (PREfast)|Win32
		{CA26EBEC-F0D8-41F5-A448-85FCA01F8404}.WLHNET free|Win32.ActiveCfg = WNET2K checked (PREfast)|Win32
		{CA26EBEC-F0D8-41F5-A448-85FCA01F8404}.WLHNETX64 checked (PREfast)|Win32.ActiveCfg = WNET2K checked (PREfast)|Win32
		{CA26EBEC-F0D8-41F5-A448-85FCA01F8404}.WLHNETX64 checked|Win32.ActiveCfg = WNET2K checked (PREfast)|Win32
		{CA26EBEC-F0D8-41F5-A448-85FCA01F8404}.WLHNETX64 free|Win32.ActiveCfg = WNET2K checked (PREfast)|Win32
		{CA26EBEC-F0D8-41F5-A448-85FCA01F8404}.WLHX64 checked (PREfast)|Win32.ActiveCfg = WNET2K checked (PREfast)|Win32
		{CA26EBEC-F0D8-41F5-A448-85FCA01F8404}.WLHX64 checked|Win32.ActiveCfg = WNET2K checked (PREfast)|Win32
		{CA26EBEC-F0D8-41F5-A448-85FCA01F8404}.WLHX64 free|Win32.ActiveCfg = WNET2K checked (PREfast)|Win32
		{CA26EBEC-F0D8-41F5-A448-85FCA01F8404}.WLHXP checked (PREfast)|Win32.ActiveCfg = WNET2K checked (PREfast)|Win32
		{CA26EBEC-F0D8-41F5-A448-85FCA01F8404}.WLHXP checked|Win32.ActiveCfg = WNET2K checked (PREfast)|Win32
		{CA26EBEC-F0D8-41F5-A448-85FCA01F8404}.WLHXP free|Win32.ActiveCfg = WNET2K checked (PREfast)|Win32
		{CA26EBEC-F0D8-41F5-A448-85FCA01F8404}.WNET checked (PREfast)|Win32.ActiveCfg = WNET checked (PREfast)|Win32
		{CA26EBEC-F0D8-41F5-A448-85FCA01F8404}.WNET checked (PREfast)|Win32.Build.0 = WNET checked (PREfast)|Win32
		{CA26EBEC-F0D8-41F5-A448-85FCA01F8404}.WNET checked (PREfast)|Win32.Deploy.0 = WNET checked (PREfast)|Win32
		{CA26EBEC-F0D8-41F5-A448-85FCA01F8404}.WNET checked|Win32.ActiveCfg = WNET checked|Win32
		{CA26EBEC-F0D8-41F5-A448-85FCA01F8404}.WNET checked|Win32.Build.0 = WNET checked|Win32
		{CA26EBEC-F0D8-41F5-A448-85FCA01F8404}.WNET checked|Win32.Deploy.0 = WNET checked|Win32
		{CA26EBEC-F0D8-41F5-A448-85FCA01F8404}.WNET free|Win32.ActiveCfg = WNET free|Win32
		{CA26EBEC-F0D8-41F5-A448-85FCA01F8404}.WNET free|Win32.Build.0 = WNET free|Win32
		{CA26EBEC-F0D8-41F5-A448-85FCA01F8404}.WNET free|Win32.Deploy.0 = WNET free|Win32
		{CA26EBEC-F0D8-41F5-A448-85FCA01F8404}.WNET2K checked (PREfast)|Win32.ActiveCfg = WNET2K checked (PREfast)|Win32
		{CA26EBEC-F0D8-41F5-A448-85FCA01F8404}.WNET2K checked (PREfast)|Win32.Build.0 = WNET2K checked (PREfast)|Win32
		{CA26EBEC-F0D8-41F5-A448-85FCA01F8404}.WNET2K checked (PREfast)|Win32.Deploy.0 = WNET2K checked (PREfast)|Win32
		{CA26EBEC-F0D8-41F5-A448-85FCA01F8404}.WNET2K checked|Win32.ActiveCfg = WNET2K checked|Win32
		{CA26EBEC-F0D8-41F5-A448-85FCA01F8404}.WNET2K checked|Win32.Build.0 = WNET2K checked|Win32
		{CA26EBEC-F0D8-41F5-A448-85FCA01F8404}.WNET2K checked|Win32.Deploy.0 = WNET2K checked|Win32
		{CA26EBEC-F0D8-41F5-A448-85FCA01F8404}.WNET2K free|Win32.ActiveCfg = WNET2K free|Win32
		{CA26EBEC-F0D8-41F5-A448-85FCA01F8404}.WNET2K free|Win32.Build.0 = WNET2K free|Win32
		{CA26EBEC-F0D8-41F5-A448-85FCA01F8404}.WNET2K free|Win32.Deploy.0 = WNET2K free|Win32
		{CA26EBEC-F0D8-41F5-A448-85FCA01F8404}.WNETAMD64 checked (PREfast)|Win32.ActiveCfg = WNETAMD64 checked (PREfast)|Win32
		{CA26EBEC-F0D8-41F5-A448-85FCA01F8404}.WNETAMD64 checked (PREfast)|Win32.Build.0 = WNETAMD64 checked (PREfast)|Win32
		{CA26EBEC-F0D8-41F5-A448-85FCA01F8404}.WNETAMD64 checked (PREfast)|Win32.Deploy.0 = WNETAMD64 checked (PREfast)|Win32
		{CA26EBEC-F0D8-41F5-A448-85FCA01F8404}.WNETAMD64 checked|Win32.ActiveCfg = WNETAMD64 checked|Win32
		{CA26EBEC-F0D8-41F5-A448-85FCA01F8404}.WNETAMD64 checked|Win32.Build.0 = WNETAMD64 checked|Win32
		{CA26EBEC-F0D8-41F5-A448-85FCA01F8404}.WNETAMD64 checked|Win32.Deploy.0 = WNETAMD64 checked|Win32
		{CA26EBEC-F0D8-41F5-A448-85FCA01F8404}.WNETAMD64 free|Win32.ActiveCfg = WNETAMD64 free|Win32
		{CA26EBEC-F0D8-41F5-A448-85FCA01F8404}.WNETAMD64 free|Win32.Build.0 = WNETAMD64 free|Win32
		{CA26EBEC-F0D8-41F5-A448-85FCA01F8404}.WNETAMD64 free|Win32.Deploy.0 = WNETAMD64 free|Win32
		{CA26EBEC-F0D8-41F5-A448-85FCA01F8404}.WNETXP checked (PREfast)|Win32.ActiveCfg = WNETXP checked (PREfast)|Win32
		{CA26EBEC-F0D8-41F5-A448-85FCA01F8404}.WNETXP checked (PREfast)|Win32.Build.0 = WNETXP checked (PREfast)|Win32
		{CA26EBEC-F0D8-41F5-A448-85FCA01F8404}.WNETXP checked (PREfast)|Win32.Deploy.0 = WNETXP checked (PREfast)|Win32
		{CA26EBEC-F0D8-41F5-A448-85FCA01F8404}.WNETXP checked|Win32.ActiveCfg = WNETXP checked|Win32
		{CA26EBEC-F0D8-41F5-A448-85FCA01F8404}.WNETXP checked|Win32.Build.0 = WNETXP checked|Win32
		{CA26EBEC-F0D8-41F5-A448-85FCA01F8404}.WNETXP checked|Win32.Deploy.0 = WNETXP checked|Win32
		{CA26EBEC-F0D8-41F5-A448-85FCA01F8404}.WNETXP free|Win32.ActiveCfg = WNETXP free|Win32
		{CA26EBEC-F0D8-41F5-A448-85FCA01F8404}.WNETXP free|Win32.Build.0 = WNETXP free|Win32
		{CA26EBEC-F0D8-41F5-A448-85FCA01F8404}.WNETXP free|Win32.Deploy.0 = WNETXP free|Win32
		{F35483EA-83F2-41E8-AA5C-DA5A0784E554}.W7 checked (PREfast)|Win32.ActiveCfg = WLHX64 checked (PREfast)|Win32
		{F35483EA-83F2-41E8-AA5C-DA5A0784E554}.W7 checked|Win32.ActiveCfg = WLHX64 checked (PREfast)|Win32
		{F35483EA-83F2-41E8-AA5C-DA5A0784E554}.W7 free|Win32.ActiveCfg = WLHX64 checked (PREfast)|Win32
		{F35483EA-83F2-41E8-AA5C-DA5A0784E554}.W7LH checked (PREfast)|Win32.ActiveCfg = WLHX64 checked (PREfast)|Win32
		{F35483EA-83F2-41E8-AA5C-DA5A0784E554}.W7LH checked|Win32.ActiveCfg = WLHX64 checked (PREfast)|Win32
		{F35483EA-83F2-41E8-AA5C-DA5A0784E554}.W7LH free|Win32.ActiveCfg = WLHX64 checked (PREfast)|Win32
		{F35483EA-83F2-41E8-AA5C-DA5A0784E554}.W7LHX64 checked (PREfast)|Win32.ActiveCfg = WLHX64 checked (PREfast)|Win32
		{F35483EA-83F2-41E8-AA5C-DA5A0784E554}.W7LHX64 checked|Win32.ActiveCfg = WLHX64 checked (PREfast)|Win32
		{F35483EA-83F2-41E8-AA5C-DA5A0784E554}.W7LHX64 free|Win32.ActiveCfg = WLHX64 checked (PREfast)|Win32
		{F35483EA-83F2-41E8-AA5C-DA5A0784E554}.W7NET checked (PREfast)|Win32.ActiveCfg = WLHX64 checked (PREfast)|Win32
		{F35483EA-83F2-41E8-AA5C-DA5A0784E554}.W7NET checked|Win32.ActiveCfg = WLHX64 checked (PREfast)|Win32
		{F35483EA-83F2-41E8-AA5C-DA5A0784E554}.W7NET free|Win32.ActiveCfg = WLHX64 checked (PREfast)|Win32
		{F35483EA-83F2-41E8-AA5C-DA5A0784E554}.W7NETX64 checked (PREfast)|Win32.ActiveCfg = WLHX64 checked (PREfast)|Win32
		{F35483EA-83F2-41E8-AA5C-DA5A0784E554}.W7NETX64 checked|Win32.ActiveCfg = WLHX64 checked (PREfast)|Win32
		{F35483EA-83F2-41E8-AA5C-DA5A0784E554}.W7NETX64 free|Win32.ActiveCfg = WLHX64 checked (PREfast)|Win32
		{F35483EA-83F2-41E8-AA5C-DA5A0784E554}.W7X64 checked (PREfast)|Win32.ActiveCfg = WLHX64 checked (PREfast)|Win32
		{F35483EA-83F2-41E8-AA5C-DA5A0784E554}.W7X64 checked|Win32.ActiveCfg = WLHX64 checked (PREfast)|Win32
		{F35483EA-83F2-41E8-AA5C-DA5A0784E554}.W7X64 free|Win32.ActiveCfg = WLHX64 checked (PREfast)|Win32
		{F35483EA-83F2-41E8-AA5C-DA5A0784E554}.W7XP checked (PREfast)|Win32.ActiveCfg = WLHX64 checked (PREfast)|Win32
		{F35483EA-83F2-41E8-AA5C-DA5A0784E554}.W7XP checked|Win32.ActiveCfg = WLHX64 checked (PREfast)|Win32
		{F35483EA-83F2-41E8-AA5C-DA5A0784E554}.W7XP free|Win32.ActiveCfg = WLHX64 checked (PREfast)|Win32
		{F35483EA-83F2-41E8-AA5C-DA5A0784E554}.WLH checked (PREfast)|Win32.ActiveCfg = WLH checked (PREfast)|Win32
		{F35483EA-83F2-41E8-AA5C-DA5A0784E554}.WLH checked (PREfast)|Win32.Build.0 = WLH checked (PREfast)|Win32
		{F35483EA-83F2-41E8-AA5C-DA5A0784E554}.WLH checked (PREfast)|Win32.Deploy.0 = WLH checked (PREfast)|Win32
		{F35483EA-83F2-41E8-AA5C-DA5A0784E554}.WLH checked|Win32.ActiveCfg = WLH checked|Win32
		{F35483EA-83F2-41E8-AA5C-DA5A0784E554}.WLH checked|Win32.Build.0 = WLH checked|Win32
		{F35483EA-83F2-41E8-AA5C-DA5A0784E554}.WLH checked|Win32.Deploy.0 = WLH checked|Win32
		{F35483EA-83F2-41E8-AA5C-DA5A0784E554}.WLH free|Win32.ActiveCfg = WLH free|Win32
		{F35483EA-83F2-41E8-AA5C-DA5A0784E554}.WLH free|Win32.Build.0 = WLH free|Win32
		{F35483EA-83F2-41E8-AA5C-DA5A0784E554}.WLH free|Win32.Deploy.0 = WLH free|Win32
		{F35483EA-83F2-41E8-AA5C-DA5A0784E554}.WLH2K checked (PREfast)|Win32.ActiveCfg = WLH2K checked (PREfast)|Win32
		{F35483EA-83F2-41E8-AA5C-DA5A0784E554}.WLH2K checked (PREfast)|Win32.Build.0 = WLH2K checked (PREfast)|Win32
		{F35483EA-83F2-41E8-AA5C-DA5A0784E554}.WLH2K checked (PREfast)|Win32.Deploy.0 = WLH2K checked (PREfast)|Win32
		{F35483EA-83F2-41E8-AA5C-DA5A0784E554}.WLH2K checked|Win32.ActiveCfg = WLH2K checked|Win32
		{F35483EA-83F2-41E8-AA5C-DA5A0784E554}.WLH2K checked|Win32.Build.0 = WLH2K checked|Win32
		{F35483EA-83F2-41E8-AA5C-DA5A0784E554}.WLH2K checked|Win32.Deploy.0 = WLH2K checked|Win32
		{F35483EA-83F2-41E8-AA5C-DA5A0784E554}.WLH2K free|Win32.ActiveCfg = WLH2K free|Win32
		{F35483EA-83F2-41E8-AA5C-DA5A0784E554}.WLH2K free|Win32.Build.0 = WLH2K free|Win32
		{F35483EA-83F2-41E8-AA5C-DA5A0784E554}.WLH2K free|Win32.Deploy.0 = WLH2K free|Win32
		{F35483EA-83F2-41E8-AA5C-DA5A0784E554}.WLHNET checked (PREfast)|Win32.ActiveCfg = WLHNET checked (PREfast)|Win32
		{F35483EA-83F2-41E8-AA5C-DA5A0784E554}.WLHNET checked (PREfast)|Win32.Build.0 = WLHNET checked (PREfast)|Win32
		{F35483EA-83F2-41E8-AA5C-DA5A0784E554}.WLHNET checked (PREfast)|Win32.Deploy.0 = WLHNET checked (PREfast)|Win32
		{F35483EA-83F2-41E8-AA5C-DA5A0784E554}.WLHNET checked|Win32.ActiveCfg = WLHNET checked|Win32
		{F35483EA-83F2-41E8-AA5C-DA5A0784E554}.WLHNET checked|Win32.Build.0 = WLHNET checked|Win32
		{F35483EA-83F2-41E8-AA5C-DA5A0784E554}.WLHNET checked|Win32.Deploy.0 = WLHNET checked|Win32
		{F35483EA-83F2-41E8-AA5C-DA5A0784E554}.WLHNET free|Win32.ActiveCfg = WLHNET free|Win32
		{F35483EA-83F2-41E8-AA5C-DA5A0784E554}.WLHNET free|Win32.Build.0 = WLHNET free|Win32
		{F35483EA-83F2-41E8-AA5C-DA5A0784E554}.WLHNET free|Win32.Deploy.0 = WLHNET free|Win32
		{F35483EA-83F2-41E8-AA5C-DA5A0784E554}.WLHNETX64 checked (PREfast)|Win32.ActiveCfg = WLHNETX64 checked (PREfast)|Win32
		{F35483EA-83F2-41E8-AA5C-DA5A0784E554}.WLHNETX64 checked (PREfast)|Win32.Build.0 = WLHNETX64 checked (PREfast)|Win32
		{F35483EA-83F2-41E8-AA5C-DA5A0784E554}.WLHNETX64 checked (PREfast)|Win32.Deploy.0 = WLHNETX64 checked (PREfast)|Win32
		{F35483EA-83F2-41E8-AA5C-DA5A0784E554}.WLHNETX64 checked|Win32.ActiveCfg = WLHNETX64 checked|Win32
		{F35483EA-83F2-41E8-AA5C-DA5A0784E554}.WLHNETX64 checked|Win32.Build.0 = WLHNETX64 checked|Win32
		{F35483EA-83F2-41E8-AA5C-DA5A0784E554}.WLHNETX64 checked|Win32.Deploy.0 = WLHNETX64 checked|Win32
		{F35483EA-83F2-41E8-AA5C-DA5A0784E554}.WLHNETX64 free|Win32.ActiveCfg = WLHNETX64 free|Win32
		{F35483EA-83F2-41E8-AA5C-DA5A0784E554}.WLHNETX64 free|Win32.Build.0 = WLHNETX64 free|Win32
		{F35483EA-83F2-41E8-AA5C-DA5A0784E554}.WLHNETX64 free|Win32.Deploy.0 = WLHNETX64 free|Win32
		{F35483EA-83F2-41E8-AA5C-DA5A0784E554}.WLHX64 checked (PREfast)|Win32.ActiveCfg = WLHX64 checked (PREfast)|Win32
		{F35483EA-83F2-41E8-AA5C-DA5A0784E554}.WLHX64 checked (PREfast)|Win32.Build.0 = WLHX64 checked (PREfast)|Win32
		{F35483EA-83F2-41E8-AA5C-DA5A0784E554}.WLHX64 checked (PREfast)|Win32.Deploy.0 = WLHX64 checked (PREfast)|Win32
		{F35483EA-83F2-41E8-AA5C-DA5A0784E554}.WLHX64 checked|Win32.ActiveCfg = WLHX64 checked|Win32
		{F35483EA-83F2-41E8-AA5C-DA5A0784E554}.WLHX64 checked|Win32.Build.0 = WLHX64 checked|Win32
		{F35483EA-83F2-41E8-AA5C-DA5A0784E554}.WLHX64 checked|Win32.Deploy.0 = WLHX64 checked|Win32
		{F35483EA-83F2-41E8-AA5C-DA5A0784E554}.WLHX64 free|Win32.ActiveCfg = WLHX64 free|Win32
		{F35483EA-83F2-41E8-AA5C-DA5A0784E554}.WLHX64 free|Win32.Build.0 = WLHX64 free|Win32
		{F35483EA-83F2-41E8-AA5C-DA5A0784E554}.WLHX64 free|Win32.Deploy.0 = WLHX64 free|Win32
		{F35483EA-83F2-41E8-AA5C-DA5A0784E554}.WLHXP checked (PREfast)|Win32.ActiveCfg = WLHXP checked (PREfast)|Win32
		{F35483EA-83F2-41E8-AA5C-DA5A0784E554}.WLHXP checked (PREfast)|Win32.Build.0 = WLHXP checked (PREfast)|Win32
		{F35483EA-83F2-41E8-AA5C-DA5A0784E554}.WLHXP checked (PREfast)|Win32.Deploy.0 = WLHXP checked (PREfast)|Win32
		{F35483EA-83F2-41E8-AA5C-DA5A0784E554}.WLHXP checked|Win32.ActiveCfg = WLHXP checked|Win32
		{F35483EA-83F2-41E8-AA5C-DA5A0784E554}.WLHXP checked|Win32.Build.0 = WLHXP checked|Win32
		{F35483EA-83F2-41E8-AA5C-DA5A0784E554}.WLHXP checked|Win32.Deploy.0 = WLHXP checked|Win32
		{F35483EA-83F2-41E8-AA5C-DA5A0784E554}.WLHXP free|Win32.ActiveCfg = WLHXP free|Win32
		{F35483EA-83F2-41E8-AA5C-DA5A0784E554}.WLHXP free|Win32.Build.0 = WLHXP free|Win32
		{F35483EA-83F2-41E8-AA5C-DA5A0784E554}.WLHXP free|Win32.Deploy.0 = WLHXP free|Win32
		{F35483EA-83F2-41E8-AA5C-DA5A0784E554}.WNET checked (PREfast)|Win32.ActiveCfg = WLHX64 checked (PREfast)|Win32
		{F35483EA-83F2-41E8-AA5C-DA5A0784E554}.WNET checked|Win32.ActiveCfg = WLHX64 checked (PREfast)|Win32
		{F35483EA-83F2-41E8-AA5C-DA5A0784E554}.WNET free|Win32.ActiveCfg = WLHX64 checked (PREfast)|Win32
		{F35483EA-83F2-41E8-AA5C-DA5A0784E554}.WNET2K checked (PREfast)|Win32.ActiveCfg = WLHX64 checked (PREfast)|Win32
		{F35483EA-83F2-41E8-AA5C-DA5A0784E554}.WNET2K checked|Win32.ActiveCfg = WLHX64 checked (PREfast)|Win32
		{F35483EA-83F2-41E8-AA5C-DA5A0784E554}.WNET2K free|Win32.ActiveCfg = WLHX64 checked (PREfast)|Win32
		{F35483EA-83F2-41E8-AA5C-DA5A0784E554}.WNETAMD64 checked (PREfast)|Win32.ActiveCfg = WLHX64 checked (PREfast)|Win32
		{F35483EA-83F2-41E8-AA5C-DA5A0784E554}.WNETAMD64 checked|Win32.ActiveCfg = WLHX64 checked (PREfast)|Win32
		{F35483EA-83F2-41E8-AA5C-DA5A0784E554}.WNETAMD64 free|Win32.ActiveCfg = WLHX64 checked (PREfast)|Win32
		{F35483EA-83F2-41E8-AA5C-DA5A0784E554}.WNETXP checked (PREfast)|Win32.ActiveCfg = WLHX64 checked (PREfast)|Win32
		{F35483EA-83F2-41E8-AA5C-DA5A0784E554}.WNETXP checked|Win32.ActiveCfg = WLHX64 checked (PREfast)|Win32
		{F35483EA-83F2-41E8-AA5C-DA5A0784E554}.WNETXP free|Win32.ActiveCfg = WLHX64 checked (PREfast)|Win32
		{DFC117AD-C09C-4854-ACBA-4E76E233BC14}.W7 checked (PREfast)|Win32.ActiveCfg = W7 checked (PREfast)|Win32
		{DFC117AD-C09C-4854-ACBA-4E76E233BC14}.W7 checked (PREfast)|Win32.Build.0 = W7 checked (PREfast)|Win32
		{DFC117AD-C09C-4854-ACBA-4E76E233BC14}.W7 checked (PREfast)|Win32.Deploy.0 = W7 checked (PREfast)|Win32
		{DFC117AD-C09C-4854-ACBA-4E76E233BC14}.W7 checked|Win32.ActiveCfg = W7 checked|Win32
		{DFC117AD-C09C-4854-ACBA-4E76E233BC14}.W7 checked|Win32.Build.0 = W7 checked|Win32
		{DFC117AD-C09C-4854-ACBA-4E76E233BC14}.W7 checked|Win32.Deploy.0 = W7 checked|Win32
		{DFC117AD-C09C-4854-ACBA-4E76E233BC14}.W7 free|Win32.ActiveCfg = W7 free|Win32
		{DFC117AD-C09C-4854-ACBA-4E76E233BC14}.W7 free|Win32.Build.0 = W7 free|Win32
		{DFC117AD-C09C-4854-ACBA-4E76E233BC14}.W7 free|Win32.Deploy.0 = W7 free|Win32
		{DFC117AD-C09C-4854-ACBA-4E76E233BC14}.W7LH checked (PREfast)|Win32.ActiveCfg = W7LH checked (PREfast)|Win32
		{DFC117AD-C09C-4854-ACBA-4E76E233BC14}.W7LH checked (PREfast)|Win32.Build.0 = W7LH checked (PREfast)|Win32
		{DFC117AD-C09C-4854-ACBA-4E76E233BC14}.W7LH checked (PREfast)|Win32.Deploy.0 = W7LH checked (PREfast)|Win32
		{DFC117AD-C09C-4854-ACBA-4E76E233BC14}.W7LH checked|Win32.ActiveCfg = W7LH checked|Win32
		{DFC117AD-C09C-4854-ACBA-4E76E233BC14}.W7LH checked|Win32.Build.0 = W7LH checked|Win32
		{DFC117AD-C09C-4854-ACBA-4E76E233BC14}.W7LH checked|Win32.Deploy.0 = W7LH checked|Win32
		{DFC117AD-C09C-4854-ACBA-4E76E233BC14}.W7LH free|Win32.ActiveCfg = W7LH free|Win32
		{DFC117AD-C09C-4854-ACBA-4E76E233BC14}.W7LH free|Win32.Build.0 = W7LH free|Win32
		{DFC117AD-C09C-4854-ACBA-4E76E233BC14}.W7LH free|Win32.Deploy.0 = W7LH free|Win32
		{DFC117AD-C09C-4854-ACBA-4E76E233BC14}.W7LHX64 checked (PREfast)|Win32.ActiveCfg = W7LHX64 checked (PREfast)|Win32
		{DFC117AD-C09C-4854-ACBA-4E76E233BC14}.W7LHX64 checked (PREfast)|Win32.Build.0 = W7LHX64 checked (PREfast)|Win32
		{DFC117AD-C09C-4854-ACBA-4E76E233BC14}.W7LHX64 checked (PREfast)|Win32.Deploy.0 = W7LHX64 checked (PREfast)|Win32
		{DFC117AD-C09C-4854-ACBA-4E76E233BC14}.W7LHX64 checked|Win32.ActiveCfg = W7LHX64 checked|Win32
		{DFC117AD-C09C-4854-ACBA-4E76E233BC14}.W7LHX64 checked|Win32.Build.0 = W7LHX64 checked|Win32
		{DFC117AD-C09C-4854-ACBA-4E76E233BC14}.W7LHX64 checked|Win32.Deploy.0 = W7LHX64 checked|Win32
		{DFC117AD-C09C-4854-ACBA-4E76E233BC14}.W7LHX64 free|Win32.ActiveCfg = W7LHX64 free|Win32
		{DFC117AD-C09C-4854-ACBA-4E76E233BC14}.W7LHX64 free|Win32.Build.0 = W7LHX64 free|Win32
		{DFC117AD-C09C-4854-ACBA-4E76E233BC14}.W7LHX64 free|Win32.Deploy.0 = W7LHX64 free|Win32
		{DFC117AD-C09C-4854-ACBA-4E76E233BC14}.W7NET checked (PREfast)|Win32.ActiveCfg = W7NET checked (PREfast)|Win32
		{DFC117AD-C09C-4854-ACBA-4E76E233BC14}.W7NET checked (PREfast)|Win32.Build.0 = W7NET checked (PREfast)|Win32
		{DFC117AD-C09C-4854-ACBA-4E76E233BC14}.W7NET checked (PREfast)|Win32.Deploy.0 = W7NET checked (PREfast)|Win32
		{DFC117AD-C09C-4854-ACBA-4E76E233BC14}.W7NET checked|Win32.ActiveCfg = W7NET checked|Win32
		{DFC117AD-C09C-4854-ACBA-4E76E233BC14}.W7NET checked|Win32.Build.0 = W7NET checked|Win32
		{DFC117AD-C09C-4854-ACBA-4E76E233BC14}.W7NET checked|Win32.Deploy.0 = W7NET checked|Win32
		{DFC117AD-C09C-4854-ACBA-4E76E233BC14}.W7NET free|Win32.ActiveCfg = W7NET free|Win32
		{DFC117AD-C09C-4854-ACBA-4E76E233BC14}.W7NET free|Win32.Build.0 = W7NET free|Win32
		{DFC117AD-C09C-4854-ACBA-4E76E233BC14}.W7NET free|Win32.Deploy.0 = W7NET free|Win32
		{DFC117AD-C09C-4854-ACBA-4E76E233BC14}.W7NETX64 checked (PREfast)|Win32.ActiveCfg = W7NETX64 checked (PREfast)|Win32
		{DFC117AD-C09C-4854-ACBA-4E76E233BC14}.W7NETX64 checked (PREfast)|Win32.Build.0 = W7NETX64 checked (PREfast)|Win32
		{DFC117AD-C09C-4854-ACBA-4E76E233BC14}.W7NETX64 checked (PREfast)|Win32.Deploy.0 = W7NETX64 checked (PREfast)|Win32
		{DFC117AD-C09C-4854-ACBA-4E76E233BC14}.W7NETX64 checked|Win32.ActiveCfg = W7NETX64 checked|Win32
		{DFC117AD-C09C-4854-ACBA-4E76E233BC14}.W7NETX64 checked|Win32.Build.0 = W7NETX64 checked|Win32
		{DFC117AD-C09C-4854-ACBA-4E76E233BC14}.W7NETX64 checked|Win32.Deploy.0 = W7NETX64 checked|Win32
		{DFC117AD-C09C-4854-ACBA-4E76E233BC14}.W7NETX64 free|Win32.ActiveCfg = W7NETX64 free|Win32
		{DFC117AD-C09C-4854-ACBA-4E76E233BC14}.W7NETX64 free|Win32.Build.0 = W7NETX64 free|Win32
		{DFC117AD-C09C-4854-ACBA-4E76E233BC14}.W7NETX64 free|Win32.Deploy.0 = W7NETX64 free|Win32
		{DFC117AD-C09C-4854-ACBA-4E76E233BC14}.W7X64 checked (PREfast)|Win32.ActiveCfg = W7X64 checked (PREfast)|Win32
		{DFC117AD-C09C-4854-ACBA-4E76E233BC14}.W7X64 checked (PREfast)|Win32.Build.0 = W7X64 checked (PREfast)|Win32
		{DFC117AD-C09C-4854-ACBA-4E76E233BC14}.W7X64 checked (PREfast)|Win32.Deploy.0 = W7X64 checked (PREfast)|Win32
		{DFC117AD-C09C-4854-ACBA-4E76E233BC14}.W7X64 checked|Win32.ActiveCfg = W7X64 checked|Win32
		{DFC117AD-C09C-4854-ACBA-4E76E233BC14}.W7X64 checked|Win32.Build.0 = W7X64 checked|Win32
		{DFC117AD-C09C-4854-ACBA-4E76E233BC14}.W7X64 checked|Win32.Deploy.0 = W7X64 checked|Win32
		{DFC117AD-C09C-4854-ACBA-4E76E233BC14}.W7X64 free|Win32.ActiveCfg = W7X64 free|Win32
		{DFC117AD-C09C-4854-ACBA-4E76E233BC14}.W7X64 free|Win32.Build.0 = W7X64 free|Win32
		{DFC117AD-C09C-4854-ACBA-4E76E233BC14}.W7X64 free|Win32.Deploy.0 = W7X64 free|Win32
		{DFC117AD-C09C-4854-ACBA-4E76E233BC14}.W7XP checked (PREfast)|Win32.ActiveCfg = W7XP checked (PREfast)|Win32
		{DFC117AD-C09C-4854-ACBA-4E76E233BC14}.W7XP checked (PREfast)|Win32.Build.0 = W7XP checked (PREfast)|Win32
		{DFC117AD-C09C-4854-ACBA-4E76E233BC14}.W7XP checked (PREfast)|Win32.Deploy.0 = W7XP checked (PREfast)|Win32
		{DFC117AD-C09C-4854-ACBA-4E76E233BC14}.W7XP checked|Win32.ActiveCfg = W7XP checked|Win32
		{DFC117AD-C09C-4854-ACBA-4E76E233BC14}.W7XP checked|Win32.Build.0 = W7XP checked|Win32
		{DFC117AD-C09C-4854-ACBA-4E76E233BC14}.W7XP checked|Win32.Deploy.0 = W7XP checked|Win32
		{DFC117AD-C09C-4854-ACBA-4E76E233BC14}.W7XP free|Win32.ActiveCfg = W7XP free|Win32
		{DFC117AD-C09C-4854-ACBA-4E76E233BC14}.W7XP free|Win32.Build.0 = W7XP free|Win32
		{DFC117AD-C09C-4854-ACBA-4E76E233BC14}.W7XP free|Win32.Deploy.0 = W7XP free|Win32
		{DFC117AD-C09C-4854-ACBA-4E76E233BC14}.WLH checked (PREfast)|Win32.ActiveCfg = W7XP checked (PREfast)|Win32
		{DFC117AD-C09C-4854-ACBA-4E76E233BC14}.WLH checked|Win32.ActiveCfg = W7XP checked (PREfast)|Win32
		{DFC117AD-C09C-4854-ACBA-4E76E233BC14}.WLH free|Win32.ActiveCfg = W7XP checked (PREfast)|Win32
		{DFC117AD-C09C-4854-ACBA-4E76E233BC14}.WLH2K checked (PREfast)|Win32.ActiveCfg = W7XP checked (PREfast)|Win32
		{DFC117AD-C09C-4854-ACBA-4E76E233BC14}.WLH2K checked|Win32.ActiveCfg = W7XP checked (PREfast)|Win32
		{DFC117AD-C09C-4854-ACBA-4E76E233BC14}.WLH2K free|Win32.ActiveCfg = W7XP checked (PREfast)|Win32
		{DFC117AD-C09C-4854-ACBA-4E76E233BC14}.WLHNET checked (PREfast)|Win32.ActiveCfg = W7XP checked (PREfast)|Win32
		{DFC117AD-C09C-4854-ACBA-4E76E233BC14}.WLHNET checked|Win32.ActiveCfg = W7XP checked (PREfast)|Win32
		{DFC117AD-C09C-4854-ACBA-4E76E233BC14}.WLHNET free|Win32.ActiveCfg = W7XP checked (PREfast)|Win32
		{DFC117AD-C09C-4854-ACBA-4E76E233BC14}.WLHNETX64 checked (PREfast)|Win32.ActiveCfg = W7XP checked (PREfast)|Win32
		{DFC117AD-C09C-4854-ACBA-4E76E233BC14}.WLHNETX64 checked|Win32.ActiveCfg = W7XP checked (PREfast)|Win32
		{DFC117AD-C09C-4854-ACBA-4E76E233BC14}.WLHNETX64 free|Win32.ActiveCfg = W7XP checked (PREfast)|Win32
		{DFC117AD-C09C-4854-ACBA-4E76E233BC14}.WLHX64 checked (PREfast)|Win32.ActiveCfg = W7XP checked (PREfast)|Win32
		{DFC117AD-C09C-4854-ACBA-4E76E233BC14}.WLHX64 checked|Win32.ActiveCfg = W7XP checked (PREfast)|Win32
		{DFC117AD-C09C-4854-ACBA-4E76E233BC14}.WLHX64 free|Win32.ActiveCfg = W7XP checked (PREfast)|Win32
		{DFC117AD-C09C-4854-ACBA-4E76E233BC14}.WLHXP checked (PREfast)|Win32.ActiveCfg = W7XP checked (PREfast)|Win32
		{DFC117AD-C09C-4854-ACBA-4E76E233BC14}.WLHXP checked|Win32.ActiveCfg = W7XP checked (PREfast)|Win32
		{DFC117AD-C09C-4854-ACBA-4E76E233BC14}.WLHXP free|Win32.ActiveCfg = W7XP checked (PREfast)|Win32
		{DFC117AD-C09C-4854-ACBA-4E76E233BC14}.WNET checked (PREfast)|Win32.ActiveCfg = W7XP checked (PREfast)|Win32
		{DFC117AD-C09C-4854-ACBA-4E76E233BC14}.WNET checked|Win32.ActiveCfg = W7XP checked (PREfast)|Win32
		{DFC117AD-C09C-4854-ACBA-4E76E233BC14}.WNET free|Win32.ActiveCfg = W7XP checked (PREfast)|Win32
		{DFC117AD-C09C-4854-ACBA-4E76E233BC14}.WNET2K checked (PREfast)|Win32.ActiveCfg = W7XP checked (PREfast)|Win32
		{DFC117AD-C09C-4854-ACBA-4E76E233BC14}.WNET2K checked|Win32.ActiveCfg = W7XP checked (PREfast)|Win32
		{DFC117AD-C09C-4854-ACBA-4E76E233BC14}.WNET2K free|Win32.ActiveCfg = W7XP checked (PREfast)|Win32
		{DFC117AD-C09C-4854-ACBA-4E76E233BC14}.WNETAMD64 checked (PREfast)|Win32.ActiveCfg = W7XP checked (PREfast)|Win32
		{DFC117AD-C09C-4854-ACBA-4E76E233BC14}.WNETAMD64 checked|Win32.ActiveCfg = W7XP checked (PREfast)|Win32
		{DFC117AD-C09C-4854-ACBA-4E76E233BC14}.WNETAMD64 free|Win32.ActiveCfg = W7XP checked (PREfast)|Win32
		{DFC117AD-C09C-4854-ACBA-4E76E233BC14}.WNETXP checked (PREfast)|Win32.ActiveCfg = W7XP checked (PREfast)|Win32
		{DFC117AD-C09C-4854-ACBA-4E76E233BC14}.WNETXP checked|Win32.ActiveCfg = W7XP checked (PREfast)|Win32
		{DFC117AD-C09C-4854-ACBA-4E76E233BC14}.WNETXP free|Win32.ActiveCfg = W7XP checked (PREfast)|Win32
	EndGlobalSection
	GlobalSection(SolutionProperties) = preSolution
		HideSolutionNode = FALSE
	EndGlobalSection
EndGlobal
