
Microsoft Visual Studio Solution File, Format Version 10.00
# Visual Studio 2008
Project("{D6F99111-7F9F-4ECC-B8C1-6E3149A101C1}") = "lsads", "lsads.vs9.vcproj", "{86AFA312-9D89-4FAE-8201-B02492AA7D64}"
EndProject
Global
	GlobalSection(SolutionConfigurationPlatforms) = preSolution
		Debug|Win32 = Debug|Win32
		Release|Win32 = Release|Win32
	EndGlobalSection
	GlobalSection(ProjectConfigurationPlatforms) = postSolution
		{86AFA312-9D89-4FAE-8201-B02492AA7D64}.Debug|Win32.ActiveCfg = Debug|Win32
		{86AFA312-9D89-4FAE-8201-B02492AA7D64}.Debug|Win32.Build.0 = Debug|Win32
		{86AFA312-9D89-4FAE-8201-B02492AA7D64}.Release|Win32.ActiveCfg = Release|Win32
		{86AFA312-9D89-4FAE-8201-B02492AA7D64}.Release|Win32.Build.0 = Release|Win32
	EndGlobalSection
	GlobalSection(SolutionProperties) = preSolution
		HideSolutionNode = FALSE
	EndGlobalSection
EndGlobal
